
Microsoft Visual Studio Solution File, Format Version 12.00
# Visual Studio Version 17
VisualStudioVersion = 17.5.33627.172
MinimumVisualStudioVersion = 10.0.40219.1
Project("{FAE04EC0-301F-11D3-BF4B-00C04F79EFBC}") = "Day-19-Practice-Problem-Email-User", "Day-19-Practice-Problem-Email-User\Day-19-Practice-Problem-Email-User.csproj", "{BB4B5C26-99F0-4F0B-8927-B8F69BFE7587}"
EndProject
Global
	GlobalSection(SolutionConfigurationPlatforms) = preSolution
		Debug|Any CPU = Debug|Any CPU
		Release|Any CPU = Release|Any CPU
	EndGlobalSection
	GlobalSection(ProjectConfigurationPlatforms) = postSolution
		{BB4B5C26-99F0-4F0B-8927-B8F69BFE7587}.Debug|Any CPU.ActiveCfg = Debug|Any CPU
		{BB4B5C26-99F0-4F0B-8927-B8F69BFE7587}.Debug|Any CPU.Build.0 = Debug|Any CPU
		{BB4B5C26-99F0-4F0B-8927-B8F69BFE7587}.Release|Any CPU.ActiveCfg = Release|Any CPU
		{BB4B5C26-99F0-4F0B-8927-B8F69BFE7587}.Release|Any CPU.Build.0 = Release|Any CPU
	EndGlobalSection
	GlobalSection(SolutionProperties) = preSolution
		HideSolutionNode = FALSE
	EndGlobalSection
	GlobalSection(ExtensibilityGlobals) = postSolution
		SolutionGuid = {F0DBAC34-0971-4763-AF21-6352E6A13974}
	EndGlobalSection
EndGlobal
